
Microsoft Visual Studio Solution File, Format Version 12.00
# Visual Studio Version 17
VisualStudioVersion = 17.11.35219.272
MinimumVisualStudioVersion = 10.0.40219.1
Project("{FAE04EC0-301F-11D3-BF4B-00C04F79EFBC}") = "Exam", "Exam.csproj", "{003CBB50-C95D-44E9-8123-26F956E911BC}"
EndProject
Global
	GlobalSection(SolutionConfigurationPlatforms) = preSolution
		Debug|Any CPU = Debug|Any CPU
		Release|Any CPU = Release|Any CPU
	EndGlobalSection
	GlobalSection(ProjectConfigurationPlatforms) = postSolution
		{003CBB50-C95D-44E9-8123-26F956E911BC}.Debug|Any CPU.ActiveCfg = Debug|Any CPU
		{003CBB50-C95D-44E9-8123-26F956E911BC}.Debug|Any CPU.Build.0 = Debug|Any CPU
		{003CBB50-C95D-44E9-8123-26F956E911BC}.Release|Any CPU.ActiveCfg = Release|Any CPU
		{003CBB50-C95D-44E9-8123-26F956E911BC}.Release|Any CPU.Build.0 = Release|Any CPU
	EndGlobalSection
	GlobalSection(SolutionProperties) = preSolution
		HideSolutionNode = FALSE
	EndGlobalSection
	GlobalSection(ExtensibilityGlobals) = postSolution
		SolutionGuid = {C179664B-D4E4-49A5-93A5-52AE03839C18}
	EndGlobalSection
EndGlobal
